
Microsoft Visual Studio Solution File, Format Version 12.00
# Visual Studio 15
VisualStudioVersion = 15.0.27428.2037
MinimumVisualStudioVersion = 10.0.40219.1
Project("{FAE04EC0-301F-11D3-BF4B-00C04F79EFBC}") = "Convierte a DXF", "Convierte a DXF\Convierte a DXF.csproj", "{3D72069F-1273-4644-A7F2-65D8413475B4}"
EndProject
Global
	GlobalSection(SolutionConfigurationPlatforms) = preSolution
		Debug|Any CPU = Debug|Any CPU
		Release|Any CPU = Release|Any CPU
	EndGlobalSection
	GlobalSection(ProjectConfigurationPlatforms) = postSolution
		{3D72069F-1273-4644-A7F2-65D8413475B4}.Debug|Any CPU.ActiveCfg = Debug|Any CPU
		{3D72069F-1273-4644-A7F2-65D8413475B4}.Debug|Any CPU.Build.0 = Debug|Any CPU
		{3D72069F-1273-4644-A7F2-65D8413475B4}.Release|Any CPU.ActiveCfg = Release|Any CPU
		{3D72069F-1273-4644-A7F2-65D8413475B4}.Release|Any CPU.Build.0 = Release|Any CPU
	EndGlobalSection
	GlobalSection(SolutionProperties) = preSolution
		HideSolutionNode = FALSE
	EndGlobalSection
	GlobalSection(ExtensibilityGlobals) = postSolution
		SolutionGuid = {CA98F0FB-B881-4DFD-811B-42DDE5B2448D}
	EndGlobalSection
EndGlobal
